{
  "object": {
    "pins": [
      {
        "package": "CZUtils",
        "repositoryURL": "https://github.com/geekaurora/CZUtils.git",
        "state": {
          "branch": null,
          "revision": "56ef765e9b112d14ab1bd6f39586d7a6b6b3bab2",
          "version": "4.4.0"
        }
      },
      {
        "package": "SwiftUIRedux",
        "repositoryURL": "https://github.com/geekaurora/SwiftUIRedux.git",
        "state": {
          "branch": null,
          "revision": "872716a8460d0a0f4dad16822aad6cb8d14f0ee6",
          "version": "1.2.3"
        }
      }
    ]
  },
  "version": 1
}
