{
  "object": {
    "pins": [
      {
        "package": "CZUtils",
        "repositoryURL": "https://github.com/geekaurora/CZUtils.git",
        "state": {
          "branch": null,
          "revision": "51f2ab4a42918e00f812bcf62a9e14bf785048c7",
          "version": "3.9.6"
        }
      },
      {
        "package": "SwiftUIKit",
        "repositoryURL": "https://github.com/geekaurora/SwiftUIKit.git",
        "state": {
          "branch": null,
          "revision": "f172aac6200c2772a24e1b52796c8a34c8bf1817",
          "version": "1.3.5"
        }
      },
      {
        "package": "SwiftUIRedux",
        "repositoryURL": "https://github.com/geekaurora/SwiftUIRedux.git",
        "state": {
          "branch": null,
          "revision": "529768d06721e947168b49bfe31c7a224e5dccb3",
          "version": "1.2.0"
        }
      }
    ]
  },
  "version": 1
}
